
Microsoft Visual Studio Solution File, Format Version 12.00
Project("{FAE04EC0-301F-11D3-BF4B-00C04F79EFBC}") = "NatureApi.Models", "NatureApi.Models\NatureApi.Models.csproj", "{CEB1F68F-BE7E-492B-8049-ACC0297FB057}"
EndProject
Project("{FAE04EC0-301F-11D3-BF4B-00C04F79EFBC}") = "NatureApi", "NatureApi\NatureApi.csproj", "{3D69372A-D6CB-47B6-9976-921CE2157506}"
EndProject
Global
	GlobalSection(SolutionConfigurationPlatforms) = preSolution
		Debug|Any CPU = Debug|Any CPU
		Release|Any CPU = Release|Any CPU
	EndGlobalSection
	GlobalSection(ProjectConfigurationPlatforms) = postSolution
		{CEB1F68F-BE7E-492B-8049-ACC0297FB057}.Debug|Any CPU.ActiveCfg = Debug|Any CPU
		{CEB1F68F-BE7E-492B-8049-ACC0297FB057}.Debug|Any CPU.Build.0 = Debug|Any CPU
		{CEB1F68F-BE7E-492B-8049-ACC0297FB057}.Release|Any CPU.ActiveCfg = Release|Any CPU
		{CEB1F68F-BE7E-492B-8049-ACC0297FB057}.Release|Any CPU.Build.0 = Release|Any CPU
		{3D69372A-D6CB-47B6-9976-921CE2157506}.Debug|Any CPU.ActiveCfg = Debug|Any CPU
		{3D69372A-D6CB-47B6-9976-921CE2157506}.Debug|Any CPU.Build.0 = Debug|Any CPU
		{3D69372A-D6CB-47B6-9976-921CE2157506}.Release|Any CPU.ActiveCfg = Release|Any CPU
		{3D69372A-D6CB-47B6-9976-921CE2157506}.Release|Any CPU.Build.0 = Release|Any CPU
	EndGlobalSection
EndGlobal
